
Microsoft Visual Studio Solution File, Format Version 12.00
# Visual Studio Version 17
VisualStudioVersion = 17.9.34723.18
MinimumVisualStudioVersion = 10.0.40219.1
Project("{FAE04EC0-301F-11D3-BF4B-00C04F79EFBC}") = "ConsoleApp12", "ConsoleApp12\ConsoleApp12.csproj", "{C202072F-7EDC-4A33-B135-B69BD541B092}"
EndProject
Project("{FAE04EC0-301F-11D3-BF4B-00C04F79EFBC}") = "Models", "Models\Models.csproj", "{32830EFD-B36C-42D0-87CC-7E2A78F6C5F6}"
EndProject
Global
	GlobalSection(SolutionConfigurationPlatforms) = preSolution
		Debug|Any CPU = Debug|Any CPU
		Release|Any CPU = Release|Any CPU
	EndGlobalSection
	GlobalSection(ProjectConfigurationPlatforms) = postSolution
		{C202072F-7EDC-4A33-B135-B69BD541B092}.Debug|Any CPU.ActiveCfg = Debug|Any CPU
		{C202072F-7EDC-4A33-B135-B69BD541B092}.Debug|Any CPU.Build.0 = Debug|Any CPU
		{C202072F-7EDC-4A33-B135-B69BD541B092}.Release|Any CPU.ActiveCfg = Release|Any CPU
		{C202072F-7EDC-4A33-B135-B69BD541B092}.Release|Any CPU.Build.0 = Release|Any CPU
		{32830EFD-B36C-42D0-87CC-7E2A78F6C5F6}.Debug|Any CPU.ActiveCfg = Debug|Any CPU
		{32830EFD-B36C-42D0-87CC-7E2A78F6C5F6}.Debug|Any CPU.Build.0 = Debug|Any CPU
		{32830EFD-B36C-42D0-87CC-7E2A78F6C5F6}.Release|Any CPU.ActiveCfg = Release|Any CPU
		{32830EFD-B36C-42D0-87CC-7E2A78F6C5F6}.Release|Any CPU.Build.0 = Release|Any CPU
	EndGlobalSection
	GlobalSection(SolutionProperties) = preSolution
		HideSolutionNode = FALSE
	EndGlobalSection
	GlobalSection(ExtensibilityGlobals) = postSolution
		SolutionGuid = {5D61F90E-3764-46EB-A8A7-8C847F2B94DE}
	EndGlobalSection
EndGlobal
